// !$*UTF8*$!
{
	archiveVersion = 1;
	classes = {
	};
	objectVersion = 46;
	objects = {

/* Begin PBXBuildFile section */
		3285B0670519A93E3F8BA70D /* libPods-BuDeJie.a in Frameworks */ = {isa = PBXBuildFile; fileRef = 2E3932E15098A00BAF220C78 /* libPods-BuDeJie.a */; };
		B508B6DE1EA1C58D005B9767 /* GWDFriendTrendViewController.xib in Resources */ = {isa = PBXBuildFile; fileRef = B508B6DD1EA1C58D005B9767 /* GWDFriendTrendViewController.xib */; };
		B508B6E21EA1D99D005B9767 /* GWDLoginRegisterViewController.m in Sources */ = {isa = PBXBuildFile; fileRef = B508B6E01EA1D99D005B9767 /* GWDLoginRegisterViewController.m */; };
		B508B6E31EA1D99D005B9767 /* GWDLoginRegisterViewController.xib in Resources */ = {isa = PBXBuildFile; fileRef = B508B6E11EA1D99D005B9767 /* GWDLoginRegisterViewController.xib */; };
		B508B6E61EA20511005B9767 /* GWDLoginRegisterView.m in Sources */ = {isa = PBXBuildFile; fileRef = B508B6E51EA20511005B9767 /* GWDLoginRegisterView.m */; };
		B508B6E81EA20520005B9767 /* GWDLoginRegisterView.xib in Resources */ = {isa = PBXBuildFile; fileRef = B508B6E71EA20520005B9767 /* GWDLoginRegisterView.xib */; };
		B508B6EB1EA222D5005B9767 /* GWDFastLoginView.m in Sources */ = {isa = PBXBuildFile; fileRef = B508B6EA1EA222D5005B9767 /* GWDFastLoginView.m */; };
		B508B6ED1EA222F0005B9767 /* GWDFastLoginView.xib in Resources */ = {isa = PBXBuildFile; fileRef = B508B6EC1EA222F0005B9767 /* GWDFastLoginView.xib */; };
		B508B6F01EA22804005B9767 /* GWDFastButton.m in Sources */ = {isa = PBXBuildFile; fileRef = B508B6EF1EA22804005B9767 /* GWDFastButton.m */; };
		B508B6F31EA27DCD005B9767 /* GWDLoginTextField.m in Sources */ = {isa = PBXBuildFile; fileRef = B508B6F21EA27DCD005B9767 /* GWDLoginTextField.m */; };
		B508B6F61EA28853005B9767 /* UITextField+Placeholder.m in Sources */ = {isa = PBXBuildFile; fileRef = B508B6F51EA28853005B9767 /* UITextField+Placeholder.m */; };
		B5123D901EA5B169009A0A34 /* GWDTitleButton.m in Sources */ = {isa = PBXBuildFile; fileRef = B5123D8F1EA5B169009A0A34 /* GWDTitleButton.m */; };
		B5123D941EA60F22009A0A34 /* GWDAllTableViewController.m in Sources */ = {isa = PBXBuildFile; fileRef = B5123D931EA60F22009A0A34 /* GWDAllTableViewController.m */; };
		B5123D971EA60F31009A0A34 /* GWDVideoTableViewController.m in Sources */ = {isa = PBXBuildFile; fileRef = B5123D961EA60F31009A0A34 /* GWDVideoTableViewController.m */; };
		B5123D9A1EA60F3E009A0A34 /* GWDVoiceTableViewController.m in Sources */ = {isa = PBXBuildFile; fileRef = B5123D991EA60F3E009A0A34 /* GWDVoiceTableViewController.m */; };
		B5123D9D1EA60F4F009A0A34 /* GWDPictureTableViewController.m in Sources */ = {isa = PBXBuildFile; fileRef = B5123D9C1EA60F4F009A0A34 /* GWDPictureTableViewController.m */; };
		B5123DA01EA60F69009A0A34 /* GWDWordTableViewController.m in Sources */ = {isa = PBXBuildFile; fileRef = B5123D9F1EA60F69009A0A34 /* GWDWordTableViewController.m */; };
		B5123DA31EA67809009A0A34 /* GWDConst.m in Sources */ = {isa = PBXBuildFile; fileRef = B5123DA21EA67809009A0A34 /* GWDConst.m */; };
		B51D6B051EA47A850059B9C7 /* GWDFileTool.m in Sources */ = {isa = PBXBuildFile; fileRef = B51D6B041EA47A850059B9C7 /* GWDFileTool.m */; };
		B5644EC71EA069C7009E9F89 /* GWDAdItem.m in Sources */ = {isa = PBXBuildFile; fileRef = B5644EC61EA069C7009E9F89 /* GWDAdItem.m */; };
		B5644ECA1EA0B1A4009E9F89 /* GWDSubTagTableVC.m in Sources */ = {isa = PBXBuildFile; fileRef = B5644EC91EA0B1A4009E9F89 /* GWDSubTagTableVC.m */; };
		B5644ECD1EA0BD59009E9F89 /* GWDSubTagItem.m in Sources */ = {isa = PBXBuildFile; fileRef = B5644ECC1EA0BD59009E9F89 /* GWDSubTagItem.m */; };
		B5644ED81EA0D2E9009E9F89 /* GWDSubTagTableViewCell.m in Sources */ = {isa = PBXBuildFile; fileRef = B5644ED61EA0D2E9009E9F89 /* GWDSubTagTableViewCell.m */; };
		B5644ED91EA0D2E9009E9F89 /* GWDSubTagTableViewCell.xib in Resources */ = {isa = PBXBuildFile; fileRef = B5644ED71EA0D2E9009E9F89 /* GWDSubTagTableViewCell.xib */; };
		B5644EDC1EA12711009E9F89 /* UIImage+Antialias.m in Sources */ = {isa = PBXBuildFile; fileRef = B5644EDB1EA12711009E9F89 /* UIImage+Antialias.m */; };
		B56537501E9B14BD00594EFC /* AppDelegate.m in Sources */ = {isa = PBXBuildFile; fileRef = B565374A1E9B14BD00594EFC /* AppDelegate.m */; };
		B56537531E9B15B600594EFC /* UIImage+OriginalImage.m in Sources */ = {isa = PBXBuildFile; fileRef = B56537521E9B15B600594EFC /* UIImage+OriginalImage.m */; };
		B56537561E9B17BC00594EFC /* GWDTabBarController.m in Sources */ = {isa = PBXBuildFile; fileRef = B56537551E9B17BC00594EFC /* GWDTabBarController.m */; };
		B56537591E9B1D5800594EFC /* GWDEssenceViewController.m in Sources */ = {isa = PBXBuildFile; fileRef = B56537581E9B1D5800594EFC /* GWDEssenceViewController.m */; };
		B565375C1E9B1D8200594EFC /* GWDFriendTrendViewController.m in Sources */ = {isa = PBXBuildFile; fileRef = B565375B1E9B1D8200594EFC /* GWDFriendTrendViewController.m */; };
		B565375F1E9B1DB600594EFC /* GWDMeViewController.m in Sources */ = {isa = PBXBuildFile; fileRef = B565375E1E9B1DB600594EFC /* GWDMeViewController.m */; };
		B56537651E9B1E0200594EFC /* GWDPublishViewController.m in Sources */ = {isa = PBXBuildFile; fileRef = B56537641E9B1E0200594EFC /* GWDPublishViewController.m */; };
		B56537681E9B1E8500594EFC /* GWDNewViewController.m in Sources */ = {isa = PBXBuildFile; fileRef = B56537671E9B1E8500594EFC /* GWDNewViewController.m */; };
		B565376B1E9B2A2B00594EFC /* GWDNavgationController.m in Sources */ = {isa = PBXBuildFile; fileRef = B565376A1E9B2A2B00594EFC /* GWDNavgationController.m */; };
		B56A19111EB0FC1C006AAF35 /* UIImage+Image.m in Sources */ = {isa = PBXBuildFile; fileRef = B56A19101EB0FC1C006AAF35 /* UIImage+Image.m */; };
		B5761A3F1E9AF0E1009E7AED /* Assets.xcassets in Resources */ = {isa = PBXBuildFile; fileRef = B5761A3E1E9AF0E1009E7AED /* Assets.xcassets */; };
		B5761A4D1E9AF0E1009E7AED /* BuDeJieUITests.m in Sources */ = {isa = PBXBuildFile; fileRef = B5761A4C1E9AF0E1009E7AED /* BuDeJieUITests.m */; };
		B57C168C1EA3157F00B8BE0C /* GWDMeViewController.storyboard in Resources */ = {isa = PBXBuildFile; fileRef = B57C168B1EA3157F00B8BE0C /* GWDMeViewController.storyboard */; };
		B57C16901EA31CC500B8BE0C /* GWDSquareCollectionViewCell.m in Sources */ = {isa = PBXBuildFile; fileRef = B57C168E1EA31CC500B8BE0C /* GWDSquareCollectionViewCell.m */; };
		B57C16911EA31CC500B8BE0C /* GWDSquareCollectionViewCell.xib in Resources */ = {isa = PBXBuildFile; fileRef = B57C168F1EA31CC500B8BE0C /* GWDSquareCollectionViewCell.xib */; };
		B57C16941EA34EED00B8BE0C /* GWDSquareItem.m in Sources */ = {isa = PBXBuildFile; fileRef = B57C16931EA34EED00B8BE0C /* GWDSquareItem.m */; };
		B57C16981EA37ADC00B8BE0C /* GWDWebViewController.m in Sources */ = {isa = PBXBuildFile; fileRef = B57C16961EA37ADC00B8BE0C /* GWDWebViewController.m */; };
		B57C16991EA37ADC00B8BE0C /* GWDWebViewController.xib in Resources */ = {isa = PBXBuildFile; fileRef = B57C16971EA37ADC00B8BE0C /* GWDWebViewController.xib */; };
		B57D929D1EB0E6EB0084A78F /* GWDTopicCell.m in Sources */ = {isa = PBXBuildFile; fileRef = B57D929B1EB0E6EB0084A78F /* GWDTopicCell.m */; };
		B57D929E1EB0E6EB0084A78F /* GWDTopicCell.xib in Resources */ = {isa = PBXBuildFile; fileRef = B57D929C1EB0E6EB0084A78F /* GWDTopicCell.xib */; };
		B59444B31EAD81C5007FD78E /* GWDTopic.m in Sources */ = {isa = PBXBuildFile; fileRef = B59444B21EAD81C5007FD78E /* GWDTopic.m */; };
		B59444B51EAD99B4007FD78E /* Launch Screen.storyboard in Resources */ = {isa = PBXBuildFile; fileRef = B59444B41EAD99B4007FD78E /* Launch Screen.storyboard */; };
		B59FF0471E9F82700089BAA8 /* GWDDdViewController.m in Sources */ = {isa = PBXBuildFile; fileRef = B59FF0451E9F82700089BAA8 /* GWDDdViewController.m */; };
		B59FF0481E9F82700089BAA8 /* GWDDdViewController.xib in Resources */ = {isa = PBXBuildFile; fileRef = B59FF0461E9F82700089BAA8 /* GWDDdViewController.xib */; };
		B59FF0511E9FDDBC0089BAA8 /* LaunchImage-568h@2x.png in Resources */ = {isa = PBXBuildFile; fileRef = B59FF04A1E9FDDBC0089BAA8 /* LaunchImage-568h@2x.png */; };
		B59FF0521E9FDDBC0089BAA8 /* LaunchImage-700-568h@2x.png in Resources */ = {isa = PBXBuildFile; fileRef = B59FF04B1E9FDDBC0089BAA8 /* LaunchImage-700-568h@2x.png */; };
		B59FF0531E9FDDBC0089BAA8 /* LaunchImage-700@2x.png in Resources */ = {isa = PBXBuildFile; fileRef = B59FF04C1E9FDDBC0089BAA8 /* LaunchImage-700@2x.png */; };
		B59FF0541E9FDDBC0089BAA8 /* LaunchImage-800-667h@2x.png in Resources */ = {isa = PBXBuildFile; fileRef = B59FF04D1E9FDDBC0089BAA8 /* LaunchImage-800-667h@2x.png */; };
		B59FF0551E9FDDBC0089BAA8 /* LaunchImage-800-Portrait-736h@3x.png in Resources */ = {isa = PBXBuildFile; fileRef = B59FF04E1E9FDDBC0089BAA8 /* LaunchImage-800-Portrait-736h@3x.png */; };
		B59FF0561E9FDDBC0089BAA8 /* LaunchImage.png in Resources */ = {isa = PBXBuildFile; fileRef = B59FF04F1E9FDDBC0089BAA8 /* LaunchImage.png */; };
		B59FF0571E9FDDBC0089BAA8 /* LaunchImage@2x.png in Resources */ = {isa = PBXBuildFile; fileRef = B59FF0501E9FDDBC0089BAA8 /* LaunchImage@2x.png */; };
		B5A9D9241E9B5E2200C0F414 /* main.m in Sources */ = {isa = PBXBuildFile; fileRef = B5A9D9231E9B5E2200C0F414 /* main.m */; };
		B5E669151E9E20DC00F196C2 /* GWDTabBar.m in Sources */ = {isa = PBXBuildFile; fileRef = B5E669141E9E20DC00F196C2 /* GWDTabBar.m */; };
		B5E669181E9E2FFB00F196C2 /* UIView+Frame.m in Sources */ = {isa = PBXBuildFile; fileRef = B5E669171E9E2FFB00F196C2 /* UIView+Frame.m */; };
		B5E6691D1E9E7D3400F196C2 /* UIBarButtonItem+Item.m in Sources */ = {isa = PBXBuildFile; fileRef = B5E6691C1E9E7D3400F196C2 /* UIBarButtonItem+Item.m */; };
		B5E669241E9E9DD600F196C2 /* GWDSettingViewController.m in Sources */ = {isa = PBXBuildFile; fileRef = B5E669231E9E9DD600F196C2 /* GWDSettingViewController.m */; };
		B5F6641B1EA52B9800C5A7EF /* ViewController.m in Sources */ = {isa = PBXBuildFile; fileRef = B5F6641A1EA52B9800C5A7EF /* ViewController.m */; };
/* End PBXBuildFile section */

/* Begin PBXContainerItemProxy section */
		B5761A491E9AF0E1009E7AED /* PBXContainerItemProxy */ = {
			isa = PBXContainerItemProxy;
			containerPortal = B5761A271E9AF0E1009E7AED /* Project object */;
			proxyType = 1;
			remoteGlobalIDString = B5761A2E1E9AF0E1009E7AED;
			remoteInfo = BuDeJie;
		};
/* End PBXContainerItemProxy section */

/* Begin PBXFileReference section */
		125B78F8F41FD7135C3A08E2 /* Pods-BuDeJie.release.xcconfig */ = {isa = PBXFileReference; includeInIndex = 1; lastKnownFileType = text.xcconfig; name = "Pods-BuDeJie.release.xcconfig"; path = "Pods/Target Support Files/Pods-BuDeJie/Pods-BuDeJie.release.xcconfig"; sourceTree = "<group>"; };
		2E3932E15098A00BAF220C78 /* libPods-BuDeJie.a */ = {isa = PBXFileReference; explicitFileType = archive.ar; includeInIndex = 0; path = "libPods-BuDeJie.a"; sourceTree = BUILT_PRODUCTS_DIR; };
		B508B6DD1EA1C58D005B9767 /* GWDFriendTrendViewController.xib */ = {isa = PBXFileReference; fileEncoding = 4; lastKnownFileType = file.xib; path = GWDFriendTrendViewController.xib; sourceTree = "<group>"; };
		B508B6DF1EA1D99D005B9767 /* GWDLoginRegisterViewController.h */ = {isa = PBXFileReference; fileEncoding = 4; lastKnownFileType = sourcecode.c.h; path = GWDLoginRegisterViewController.h; sourceTree = "<group>"; };
		B508B6E01EA1D99D005B9767 /* GWDLoginRegisterViewController.m */ = {isa = PBXFileReference; fileEncoding = 4; lastKnownFileType = sourcecode.c.objc; path = GWDLoginRegisterViewController.m; sourceTree = "<group>"; };
		B508B6E11EA1D99D005B9767 /* GWDLoginRegisterViewController.xib */ = {isa = PBXFileReference; fileEncoding = 4; lastKnownFileType = file.xib; path = GWDLoginRegisterViewController.xib; sourceTree = "<group>"; };
		B508B6E41EA20511005B9767 /* GWDLoginRegisterView.h */ = {isa = PBXFileReference; fileEncoding = 4; lastKnownFileType = sourcecode.c.h; path = GWDLoginRegisterView.h; sourceTree = "<group>"; };
		B508B6E51EA20511005B9767 /* GWDLoginRegisterView.m */ = {isa = PBXFileReference; fileEncoding = 4; lastKnownFileType = sourcecode.c.objc; path = GWDLoginRegisterView.m; sourceTree = "<group>"; };
		B508B6E71EA20520005B9767 /* GWDLoginRegisterView.xib */ = {isa = PBXFileReference; fileEncoding = 4; lastKnownFileType = file.xib; path = GWDLoginRegisterView.xib; sourceTree = "<group>"; };
		B508B6E91EA222D5005B9767 /* GWDFastLoginView.h */ = {isa = PBXFileReference; fileEncoding = 4; lastKnownFileType = sourcecode.c.h; path = GWDFastLoginView.h; sourceTree = "<group>"; };
		B508B6EA1EA222D5005B9767 /* GWDFastLoginView.m */ = {isa = PBXFileReference; fileEncoding = 4; lastKnownFileType = sourcecode.c.objc; path = GWDFastLoginView.m; sourceTree = "<group>"; };
		B508B6EC1EA222F0005B9767 /* GWDFastLoginView.xib */ = {isa = PBXFileReference; fileEncoding = 4; lastKnownFileType = file.xib; path = GWDFastLoginView.xib; sourceTree = "<group>"; };
		B508B6EE1EA22804005B9767 /* GWDFastButton.h */ = {isa = PBXFileReference; fileEncoding = 4; lastKnownFileType = sourcecode.c.h; path = GWDFastButton.h; sourceTree = "<group>"; };
		B508B6EF1EA22804005B9767 /* GWDFastButton.m */ = {isa = PBXFileReference; fileEncoding = 4; lastKnownFileType = sourcecode.c.objc; path = GWDFastButton.m; sourceTree = "<group>"; };
		B508B6F11EA27DCD005B9767 /* GWDLoginTextField.h */ = {isa = PBXFileReference; fileEncoding = 4; lastKnownFileType = sourcecode.c.h; path = GWDLoginTextField.h; sourceTree = "<group>"; };
		B508B6F21EA27DCD005B9767 /* GWDLoginTextField.m */ = {isa = PBXFileReference; fileEncoding = 4; lastKnownFileType = sourcecode.c.objc; path = GWDLoginTextField.m; sourceTree = "<group>"; };
		B508B6F41EA28853005B9767 /* UITextField+Placeholder.h */ = {isa = PBXFileReference; fileEncoding = 4; lastKnownFileType = sourcecode.c.h; path = "UITextField+Placeholder.h"; sourceTree = "<group>"; };
		B508B6F51EA28853005B9767 /* UITextField+Placeholder.m */ = {isa = PBXFileReference; fileEncoding = 4; lastKnownFileType = sourcecode.c.objc; path = "UITextField+Placeholder.m"; sourceTree = "<group>"; };
		B5123D8E1EA5B169009A0A34 /* GWDTitleButton.h */ = {isa = PBXFileReference; fileEncoding = 4; lastKnownFileType = sourcecode.c.h; path = GWDTitleButton.h; sourceTree = "<group>"; };
		B5123D8F1EA5B169009A0A34 /* GWDTitleButton.m */ = {isa = PBXFileReference; fileEncoding = 4; lastKnownFileType = sourcecode.c.objc; path = GWDTitleButton.m; sourceTree = "<group>"; };
		B5123D921EA60F22009A0A34 /* GWDAllTableViewController.h */ = {isa = PBXFileReference; fileEncoding = 4; lastKnownFileType = sourcecode.c.h; path = GWDAllTableViewController.h; sourceTree = "<group>"; };
		B5123D931EA60F22009A0A34 /* GWDAllTableViewController.m */ = {isa = PBXFileReference; fileEncoding = 4; lastKnownFileType = sourcecode.c.objc; path = GWDAllTableViewController.m; sourceTree = "<group>"; };
		B5123D951EA60F31009A0A34 /* GWDVideoTableViewController.h */ = {isa = PBXFileReference; fileEncoding = 4; lastKnownFileType = sourcecode.c.h; path = GWDVideoTableViewController.h; sourceTree = "<group>"; };
		B5123D961EA60F31009A0A34 /* GWDVideoTableViewController.m */ = {isa = PBXFileReference; fileEncoding = 4; lastKnownFileType = sourcecode.c.objc; path = GWDVideoTableViewController.m; sourceTree = "<group>"; };
		B5123D981EA60F3E009A0A34 /* GWDVoiceTableViewController.h */ = {isa = PBXFileReference; fileEncoding = 4; lastKnownFileType = sourcecode.c.h; path = GWDVoiceTableViewController.h; sourceTree = "<group>"; };
		B5123D991EA60F3E009A0A34 /* GWDVoiceTableViewController.m */ = {isa = PBXFileReference; fileEncoding = 4; lastKnownFileType = sourcecode.c.objc; path = GWDVoiceTableViewController.m; sourceTree = "<group>"; };
		B5123D9B1EA60F4F009A0A34 /* GWDPictureTableViewController.h */ = {isa = PBXFileReference; fileEncoding = 4; lastKnownFileType = sourcecode.c.h; path = GWDPictureTableViewController.h; sourceTree = "<group>"; };
		B5123D9C1EA60F4F009A0A34 /* GWDPictureTableViewController.m */ = {isa = PBXFileReference; fileEncoding = 4; lastKnownFileType = sourcecode.c.objc; path = GWDPictureTableViewController.m; sourceTree = "<group>"; };
		B5123D9E1EA60F69009A0A34 /* GWDWordTableViewController.h */ = {isa = PBXFileReference; fileEncoding = 4; lastKnownFileType = sourcecode.c.h; path = GWDWordTableViewController.h; sourceTree = "<group>"; };
		B5123D9F1EA60F69009A0A34 /* GWDWordTableViewController.m */ = {isa = PBXFileReference; fileEncoding = 4; lastKnownFileType = sourcecode.c.objc; path = GWDWordTableViewController.m; sourceTree = "<group>"; };
		B5123DA11EA67809009A0A34 /* GWDConst.h */ = {isa = PBXFileReference; fileEncoding = 4; lastKnownFileType = sourcecode.c.h; path = GWDConst.h; sourceTree = "<group>"; };
		B5123DA21EA67809009A0A34 /* GWDConst.m */ = {isa = PBXFileReference; fileEncoding = 4; lastKnownFileType = sourcecode.c.objc; path = GWDConst.m; sourceTree = "<group>"; };
		B51D6B031EA47A850059B9C7 /* GWDFileTool.h */ = {isa = PBXFileReference; fileEncoding = 4; lastKnownFileType = sourcecode.c.h; path = GWDFileTool.h; sourceTree = "<group>"; };
		B51D6B041EA47A850059B9C7 /* GWDFileTool.m */ = {isa = PBXFileReference; fileEncoding = 4; lastKnownFileType = sourcecode.c.objc; path = GWDFileTool.m; sourceTree = "<group>"; };
		B5644EC51EA069C7009E9F89 /* GWDAdItem.h */ = {isa = PBXFileReference; fileEncoding = 4; lastKnownFileType = sourcecode.c.h; path = GWDAdItem.h; sourceTree = "<group>"; };
		B5644EC61EA069C7009E9F89 /* GWDAdItem.m */ = {isa = PBXFileReference; fileEncoding = 4; lastKnownFileType = sourcecode.c.objc; path = GWDAdItem.m; sourceTree = "<group>"; };
		B5644EC81EA0B1A4009E9F89 /* GWDSubTagTableVC.h */ = {isa = PBXFileReference; fileEncoding = 4; lastKnownFileType = sourcecode.c.h; path = GWDSubTagTableVC.h; sourceTree = "<group>"; };
		B5644EC91EA0B1A4009E9F89 /* GWDSubTagTableVC.m */ = {isa = PBXFileReference; fileEncoding = 4; lastKnownFileType = sourcecode.c.objc; path = GWDSubTagTableVC.m; sourceTree = "<group>"; };
		B5644ECB1EA0BD59009E9F89 /* GWDSubTagItem.h */ = {isa = PBXFileReference; fileEncoding = 4; lastKnownFileType = sourcecode.c.h; path = GWDSubTagItem.h; sourceTree = "<group>"; };
		B5644ECC1EA0BD59009E9F89 /* GWDSubTagItem.m */ = {isa = PBXFileReference; fileEncoding = 4; lastKnownFileType = sourcecode.c.objc; path = GWDSubTagItem.m; sourceTree = "<group>"; };
		B5644ED51EA0D2E9009E9F89 /* GWDSubTagTableViewCell.h */ = {isa = PBXFileReference; fileEncoding = 4; lastKnownFileType = sourcecode.c.h; path = GWDSubTagTableViewCell.h; sourceTree = "<group>"; };
		B5644ED61EA0D2E9009E9F89 /* GWDSubTagTableViewCell.m */ = {isa = PBXFileReference; fileEncoding = 4; lastKnownFileType = sourcecode.c.objc; path = GWDSubTagTableViewCell.m; sourceTree = "<group>"; };
		B5644ED71EA0D2E9009E9F89 /* GWDSubTagTableViewCell.xib */ = {isa = PBXFileReference; fileEncoding = 4; lastKnownFileType = file.xib; path = GWDSubTagTableViewCell.xib; sourceTree = "<group>"; };
		B5644EDA1EA12711009E9F89 /* UIImage+Antialias.h */ = {isa = PBXFileReference; fileEncoding = 4; lastKnownFileType = sourcecode.c.h; path = "UIImage+Antialias.h"; sourceTree = "<group>"; };
		B5644EDB1EA12711009E9F89 /* UIImage+Antialias.m */ = {isa = PBXFileReference; fileEncoding = 4; lastKnownFileType = sourcecode.c.objc; path = "UIImage+Antialias.m"; sourceTree = "<group>"; };
		B56537491E9B14BD00594EFC /* AppDelegate.h */ = {isa = PBXFileReference; fileEncoding = 4; lastKnownFileType = sourcecode.c.h; path = AppDelegate.h; sourceTree = "<group>"; };
		B565374A1E9B14BD00594EFC /* AppDelegate.m */ = {isa = PBXFileReference; fileEncoding = 4; lastKnownFileType = sourcecode.c.objc; path = AppDelegate.m; sourceTree = "<group>"; };
		B56537511E9B15B600594EFC /* UIImage+OriginalImage.h */ = {isa = PBXFileReference; fileEncoding = 4; lastKnownFileType = sourcecode.c.h; path = "UIImage+OriginalImage.h"; sourceTree = "<group>"; };
		B56537521E9B15B600594EFC /* UIImage+OriginalImage.m */ = {isa = PBXFileReference; fileEncoding = 4; lastKnownFileType = sourcecode.c.objc; path = "UIImage+OriginalImage.m"; sourceTree = "<group>"; };
		B56537541E9B17BC00594EFC /* GWDTabBarController.h */ = {isa = PBXFileReference; fileEncoding = 4; lastKnownFileType = sourcecode.c.h; path = GWDTabBarController.h; sourceTree = "<group>"; };
		B56537551E9B17BC00594EFC /* GWDTabBarController.m */ = {isa = PBXFileReference; fileEncoding = 4; lastKnownFileType = sourcecode.c.objc; path = GWDTabBarController.m; sourceTree = "<group>"; };
		B56537571E9B1D5800594EFC /* GWDEssenceViewController.h */ = {isa = PBXFileReference; fileEncoding = 4; lastKnownFileType = sourcecode.c.h; path = GWDEssenceViewController.h; sourceTree = "<group>"; };
		B56537581E9B1D5800594EFC /* GWDEssenceViewController.m */ = {isa = PBXFileReference; fileEncoding = 4; lastKnownFileType = sourcecode.c.objc; path = GWDEssenceViewController.m; sourceTree = "<group>"; };
		B565375A1E9B1D8200594EFC /* GWDFriendTrendViewController.h */ = {isa = PBXFileReference; fileEncoding = 4; lastKnownFileType = sourcecode.c.h; path = GWDFriendTrendViewController.h; sourceTree = "<group>"; };
		B565375B1E9B1D8200594EFC /* GWDFriendTrendViewController.m */ = {isa = PBXFileReference; fileEncoding = 4; lastKnownFileType = sourcecode.c.objc; path = GWDFriendTrendViewController.m; sourceTree = "<group>"; };
		B565375D1E9B1DB600594EFC /* GWDMeViewController.h */ = {isa = PBXFileReference; fileEncoding = 4; lastKnownFileType = sourcecode.c.h; path = GWDMeViewController.h; sourceTree = "<group>"; };
		B565375E1E9B1DB600594EFC /* GWDMeViewController.m */ = {isa = PBXFileReference; fileEncoding = 4; lastKnownFileType = sourcecode.c.objc; path = GWDMeViewController.m; sourceTree = "<group>"; };
		B56537631E9B1E0200594EFC /* GWDPublishViewController.h */ = {isa = PBXFileReference; fileEncoding = 4; lastKnownFileType = sourcecode.c.h; path = GWDPublishViewController.h; sourceTree = "<group>"; };
		B56537641E9B1E0200594EFC /* GWDPublishViewController.m */ = {isa = PBXFileReference; fileEncoding = 4; lastKnownFileType = sourcecode.c.objc; path = GWDPublishViewController.m; sourceTree = "<group>"; };
		B56537661E9B1E8500594EFC /* GWDNewViewController.h */ = {isa = PBXFileReference; fileEncoding = 4; lastKnownFileType = sourcecode.c.h; path = GWDNewViewController.h; sourceTree = "<group>"; };
		B56537671E9B1E8500594EFC /* GWDNewViewController.m */ = {isa = PBXFileReference; fileEncoding = 4; lastKnownFileType = sourcecode.c.objc; path = GWDNewViewController.m; sourceTree = "<group>"; };
		B56537691E9B2A2B00594EFC /* GWDNavgationController.h */ = {isa = PBXFileReference; fileEncoding = 4; lastKnownFileType = sourcecode.c.h; path = GWDNavgationController.h; sourceTree = "<group>"; };
		B565376A1E9B2A2B00594EFC /* GWDNavgationController.m */ = {isa = PBXFileReference; fileEncoding = 4; lastKnownFileType = sourcecode.c.objc; path = GWDNavgationController.m; sourceTree = "<group>"; };
		B56A190F1EB0FC1C006AAF35 /* UIImage+Image.h */ = {isa = PBXFileReference; fileEncoding = 4; lastKnownFileType = sourcecode.c.h; path = "UIImage+Image.h"; sourceTree = "<group>"; };
		B56A19101EB0FC1C006AAF35 /* UIImage+Image.m */ = {isa = PBXFileReference; fileEncoding = 4; lastKnownFileType = sourcecode.c.objc; path = "UIImage+Image.m"; sourceTree = "<group>"; };
		B5761A2F1E9AF0E1009E7AED /* BuDeJie.app */ = {isa = PBXFileReference; explicitFileType = wrapper.application; includeInIndex = 0; path = BuDeJie.app; sourceTree = BUILT_PRODUCTS_DIR; };
		B5761A3E1E9AF0E1009E7AED /* Assets.xcassets */ = {isa = PBXFileReference; lastKnownFileType = folder.assetcatalog; path = Assets.xcassets; sourceTree = "<group>"; };
		B5761A431E9AF0E1009E7AED /* Info.plist */ = {isa = PBXFileReference; lastKnownFileType = text.plist.xml; path = Info.plist; sourceTree = "<group>"; };
		B5761A481E9AF0E1009E7AED /* BuDeJieUITests.xctest */ = {isa = PBXFileReference; explicitFileType = wrapper.cfbundle; includeInIndex = 0; path = BuDeJieUITests.xctest; sourceTree = BUILT_PRODUCTS_DIR; };
		B5761A4C1E9AF0E1009E7AED /* BuDeJieUITests.m */ = {isa = PBXFileReference; lastKnownFileType = sourcecode.c.objc; path = BuDeJieUITests.m; sourceTree = "<group>"; };
		B5761A4E1E9AF0E1009E7AED /* Info.plist */ = {isa = PBXFileReference; lastKnownFileType = text.plist.xml; path = Info.plist; sourceTree = "<group>"; };
		B57C168B1EA3157F00B8BE0C /* GWDMeViewController.storyboard */ = {isa = PBXFileReference; fileEncoding = 4; lastKnownFileType = file.storyboard; path = GWDMeViewController.storyboard; sourceTree = "<group>"; };
		B57C168D1EA31CC500B8BE0C /* GWDSquareCollectionViewCell.h */ = {isa = PBXFileReference; fileEncoding = 4; lastKnownFileType = sourcecode.c.h; path = GWDSquareCollectionViewCell.h; sourceTree = "<group>"; };
		B57C168E1EA31CC500B8BE0C /* GWDSquareCollectionViewCell.m */ = {isa = PBXFileReference; fileEncoding = 4; lastKnownFileType = sourcecode.c.objc; path = GWDSquareCollectionViewCell.m; sourceTree = "<group>"; };
		B57C168F1EA31CC500B8BE0C /* GWDSquareCollectionViewCell.xib */ = {isa = PBXFileReference; fileEncoding = 4; lastKnownFileType = file.xib; path = GWDSquareCollectionViewCell.xib; sourceTree = "<group>"; };
		B57C16921EA34EED00B8BE0C /* GWDSquareItem.h */ = {isa = PBXFileReference; fileEncoding = 4; lastKnownFileType = sourcecode.c.h; path = GWDSquareItem.h; sourceTree = "<group>"; };
		B57C16931EA34EED00B8BE0C /* GWDSquareItem.m */ = {isa = PBXFileReference; fileEncoding = 4; lastKnownFileType = sourcecode.c.objc; path = GWDSquareItem.m; sourceTree = "<group>"; };
		B57C16951EA37ADC00B8BE0C /* GWDWebViewController.h */ = {isa = PBXFileReference; fileEncoding = 4; lastKnownFileType = sourcecode.c.h; path = GWDWebViewController.h; sourceTree = "<group>"; };
		B57C16961EA37ADC00B8BE0C /* GWDWebViewController.m */ = {isa = PBXFileReference; fileEncoding = 4; lastKnownFileType = sourcecode.c.objc; path = GWDWebViewController.m; sourceTree = "<group>"; };
		B57C16971EA37ADC00B8BE0C /* GWDWebViewController.xib */ = {isa = PBXFileReference; fileEncoding = 4; lastKnownFileType = file.xib; path = GWDWebViewController.xib; sourceTree = "<group>"; };
		B57D929A1EB0E6EB0084A78F /* GWDTopicCell.h */ = {isa = PBXFileReference; fileEncoding = 4; lastKnownFileType = sourcecode.c.h; path = GWDTopicCell.h; sourceTree = "<group>"; };
		B57D929B1EB0E6EB0084A78F /* GWDTopicCell.m */ = {isa = PBXFileReference; fileEncoding = 4; lastKnownFileType = sourcecode.c.objc; path = GWDTopicCell.m; sourceTree = "<group>"; };
		B57D929C1EB0E6EB0084A78F /* GWDTopicCell.xib */ = {isa = PBXFileReference; fileEncoding = 4; lastKnownFileType = file.xib; path = GWDTopicCell.xib; sourceTree = "<group>"; };
		B59444B11EAD81C5007FD78E /* GWDTopic.h */ = {isa = PBXFileReference; fileEncoding = 4; lastKnownFileType = sourcecode.c.h; path = GWDTopic.h; sourceTree = "<group>"; };
		B59444B21EAD81C5007FD78E /* GWDTopic.m */ = {isa = PBXFileReference; fileEncoding = 4; lastKnownFileType = sourcecode.c.objc; path = GWDTopic.m; sourceTree = "<group>"; };
		B59444B41EAD99B4007FD78E /* Launch Screen.storyboard */ = {isa = PBXFileReference; fileEncoding = 4; lastKnownFileType = file.storyboard; path = "Launch Screen.storyboard"; sourceTree = "<group>"; };
		B59FF0441E9F82700089BAA8 /* GWDDdViewController.h */ = {isa = PBXFileReference; fileEncoding = 4; lastKnownFileType = sourcecode.c.h; path = GWDDdViewController.h; sourceTree = "<group>"; };
		B59FF0451E9F82700089BAA8 /* GWDDdViewController.m */ = {isa = PBXFileReference; fileEncoding = 4; lastKnownFileType = sourcecode.c.objc; path = GWDDdViewController.m; sourceTree = "<group>"; };
		B59FF0461E9F82700089BAA8 /* GWDDdViewController.xib */ = {isa = PBXFileReference; fileEncoding = 4; lastKnownFileType = file.xib; path = GWDDdViewController.xib; sourceTree = "<group>"; };
		B59FF04A1E9FDDBC0089BAA8 /* LaunchImage-568h@2x.png */ = {isa = PBXFileReference; lastKnownFileType = image.png; path = "LaunchImage-568h@2x.png"; sourceTree = "<group>"; };
		B59FF04B1E9FDDBC0089BAA8 /* LaunchImage-700-568h@2x.png */ = {isa = PBXFileReference; lastKnownFileType = image.png; path = "LaunchImage-700-568h@2x.png"; sourceTree = "<group>"; };
		B59FF04C1E9FDDBC0089BAA8 /* LaunchImage-700@2x.png */ = {isa = PBXFileReference; lastKnownFileType = image.png; path = "LaunchImage-700@2x.png"; sourceTree = "<group>"; };
		B59FF04D1E9FDDBC0089BAA8 /* LaunchImage-800-667h@2x.png */ = {isa = PBXFileReference; lastKnownFileType = image.png; path = "LaunchImage-800-667h@2x.png"; sourceTree = "<group>"; };
		B59FF04E1E9FDDBC0089BAA8 /* LaunchImage-800-Portrait-736h@3x.png */ = {isa = PBXFileReference; lastKnownFileType = image.png; path = "LaunchImage-800-Portrait-736h@3x.png"; sourceTree = "<group>"; };
		B59FF04F1E9FDDBC0089BAA8 /* LaunchImage.png */ = {isa = PBXFileReference; lastKnownFileType = image.png; path = LaunchImage.png; sourceTree = "<group>"; };
		B59FF0501E9FDDBC0089BAA8 /* LaunchImage@2x.png */ = {isa = PBXFileReference; lastKnownFileType = image.png; path = "LaunchImage@2x.png"; sourceTree = "<group>"; };
		B5A9D9231E9B5E2200C0F414 /* main.m */ = {isa = PBXFileReference; fileEncoding = 4; lastKnownFileType = sourcecode.c.objc; path = main.m; sourceTree = "<group>"; };
		B5E669131E9E20DC00F196C2 /* GWDTabBar.h */ = {isa = PBXFileReference; fileEncoding = 4; lastKnownFileType = sourcecode.c.h; path = GWDTabBar.h; sourceTree = "<group>"; };
		B5E669141E9E20DC00F196C2 /* GWDTabBar.m */ = {isa = PBXFileReference; fileEncoding = 4; lastKnownFileType = sourcecode.c.objc; path = GWDTabBar.m; sourceTree = "<group>"; };
		B5E669161E9E2FFB00F196C2 /* UIView+Frame.h */ = {isa = PBXFileReference; fileEncoding = 4; lastKnownFileType = sourcecode.c.h; path = "UIView+Frame.h"; sourceTree = "<group>"; };
		B5E669171E9E2FFB00F196C2 /* UIView+Frame.m */ = {isa = PBXFileReference; fileEncoding = 4; lastKnownFileType = sourcecode.c.objc; path = "UIView+Frame.m"; sourceTree = "<group>"; };
		B5E6691A1E9E408400F196C2 /* BuDeJie.pch */ = {isa = PBXFileReference; lastKnownFileType = sourcecode.c.h; name = BuDeJie.pch; path = ../../BuDeJie.pch; sourceTree = "<group>"; };
		B5E6691B1E9E7D3300F196C2 /* UIBarButtonItem+Item.h */ = {isa = PBXFileReference; fileEncoding = 4; lastKnownFileType = sourcecode.c.h; path = "UIBarButtonItem+Item.h"; sourceTree = "<group>"; };
		B5E6691C1E9E7D3400F196C2 /* UIBarButtonItem+Item.m */ = {isa = PBXFileReference; fileEncoding = 4; lastKnownFileType = sourcecode.c.objc; path = "UIBarButtonItem+Item.m"; sourceTree = "<group>"; };
		B5E669221E9E9DD600F196C2 /* GWDSettingViewController.h */ = {isa = PBXFileReference; fileEncoding = 4; lastKnownFileType = sourcecode.c.h; path = GWDSettingViewController.h; sourceTree = "<group>"; };
		B5E669231E9E9DD600F196C2 /* GWDSettingViewController.m */ = {isa = PBXFileReference; fileEncoding = 4; lastKnownFileType = sourcecode.c.objc; path = GWDSettingViewController.m; sourceTree = "<group>"; };
		B5F664191EA52B9800C5A7EF /* ViewController.h */ = {isa = PBXFileReference; fileEncoding = 4; lastKnownFileType = sourcecode.c.h; path = ViewController.h; sourceTree = "<group>"; };
		B5F6641A1EA52B9800C5A7EF /* ViewController.m */ = {isa = PBXFileReference; fileEncoding = 4; lastKnownFileType = sourcecode.c.objc; path = ViewController.m; sourceTree = "<group>"; };
		F73410B409767A4040338871 /* Pods-BuDeJie.debug.xcconfig */ = {isa = PBXFileReference; includeInIndex = 1; lastKnownFileType = text.xcconfig; name = "Pods-BuDeJie.debug.xcconfig"; path = "Pods/Target Support Files/Pods-BuDeJie/Pods-BuDeJie.debug.xcconfig"; sourceTree = "<group>"; };
/* End PBXFileReference section */

/* Begin PBXFrameworksBuildPhase section */
		B5761A2C1E9AF0E1009E7AED /* Frameworks */ = {
			isa = PBXFrameworksBuildPhase;
			buildActionMask = 2147483647;
			files = (
				3285B0670519A93E3F8BA70D /* libPods-BuDeJie.a in Frameworks */,
			);
			runOnlyForDeploymentPostprocessing = 0;
		};
		B5761A451E9AF0E1009E7AED /* Frameworks */ = {
			isa = PBXFrameworksBuildPhase;
			buildActionMask = 2147483647;
			files = (
			);
			runOnlyForDeploymentPostprocessing = 0;
		};
/* End PBXFrameworksBuildPhase section */

/* Begin PBXGroup section */
		1ED7194E64D6E0B5611178F3 /* Frameworks */ = {
			isa = PBXGroup;
			children = (
				2E3932E15098A00BAF220C78 /* libPods-BuDeJie.a */,
			);
			name = Frameworks;
			sourceTree = "<group>";
		};
		6E55F52E63BD5788EC158FCA /* Pods */ = {
			isa = PBXGroup;
			children = (
				F73410B409767A4040338871 /* Pods-BuDeJie.debug.xcconfig */,
				125B78F8F41FD7135C3A08E2 /* Pods-BuDeJie.release.xcconfig */,
			);
			name = Pods;
			sourceTree = "<group>";
		};
		B5123D911EA60EE7009A0A34 /* childViewController */ = {
			isa = PBXGroup;
			children = (
				B5123D921EA60F22009A0A34 /* GWDAllTableViewController.h */,
				B5123D931EA60F22009A0A34 /* GWDAllTableViewController.m */,
				B5123D951EA60F31009A0A34 /* GWDVideoTableViewController.h */,
				B5123D961EA60F31009A0A34 /* GWDVideoTableViewController.m */,
				B5123D981EA60F3E009A0A34 /* GWDVoiceTableViewController.h */,
				B5123D991EA60F3E009A0A34 /* GWDVoiceTableViewController.m */,
				B5123D9B1EA60F4F009A0A34 /* GWDPictureTableViewController.h */,
				B5123D9C1EA60F4F009A0A34 /* GWDPictureTableViewController.m */,
				B5123D9E1EA60F69009A0A34 /* GWDWordTableViewController.h */,
				B5123D9F1EA60F69009A0A34 /* GWDWordTableViewController.m */,
			);
			path = childViewController;
			sourceTree = "<group>";
		};
		B51D6B011EA47A6F0059B9C7 /* Tool */ = {
			isa = PBXGroup;
			children = (
				B51D6B021EA47A6F0059B9C7 /* File */,
			);
			path = Tool;
			sourceTree = "<group>";
		};
		B51D6B021EA47A6F0059B9C7 /* File */ = {
			isa = PBXGroup;
			children = (
				B51D6B031EA47A850059B9C7 /* GWDFileTool.h */,
				B51D6B041EA47A850059B9C7 /* GWDFileTool.m */,
			);
			path = File;
			sourceTree = "<group>";
		};
		B56537331E9B14BD00594EFC /* Classes */ = {
			isa = PBXGroup;
			children = (
				B51D6B011EA47A6F0059B9C7 /* Tool */,
				B59FF0401E9F82520089BAA8 /* AD(广告) */,
				B5E6691E1E9E9DA800F196C2 /* Setting(设置) */,
				B565373C1E9B14BD00594EFC /* Main(主要) */,
				B56537341E9B14BD00594EFC /* Essence(精华) */,
				B56537381E9B14BD00594EFC /* FriendTrend(关注) */,
				B56537401E9B14BD00594EFC /* Me(我) */,
				B56537441E9B14BD00594EFC /* New(新帖) */,
				B56537481E9B14BD00594EFC /* Other */,
				B565374C1E9B14BD00594EFC /* Publish(发布) */,
			);
			path = Classes;
			sourceTree = "<group>";
		};
		B56537341E9B14BD00594EFC /* Essence(精华) */ = {
			isa = PBXGroup;
			children = (
				B56537351E9B14BD00594EFC /* Controller */,
				B56537361E9B14BD00594EFC /* Model */,
				B56537371E9B14BD00594EFC /* View */,
			);
			path = "Essence(精华)";
			sourceTree = "<group>";
		};
		B56537351E9B14BD00594EFC /* Controller */ = {
			isa = PBXGroup;
			children = (
				B56537571E9B1D5800594EFC /* GWDEssenceViewController.h */,
				B56537581E9B1D5800594EFC /* GWDEssenceViewController.m */,
				B5F664191EA52B9800C5A7EF /* ViewController.h */,
				B5F6641A1EA52B9800C5A7EF /* ViewController.m */,
				B5123D911EA60EE7009A0A34 /* childViewController */,
			);
			path = Controller;
			sourceTree = "<group>";
		};
		B56537361E9B14BD00594EFC /* Model */ = {
			isa = PBXGroup;
			children = (
				B59444B11EAD81C5007FD78E /* GWDTopic.h */,
				B59444B21EAD81C5007FD78E /* GWDTopic.m */,
			);
			path = Model;
			sourceTree = "<group>";
		};
		B56537371E9B14BD00594EFC /* View */ = {
			isa = PBXGroup;
			children = (
				B5123D8E1EA5B169009A0A34 /* GWDTitleButton.h */,
				B5123D8F1EA5B169009A0A34 /* GWDTitleButton.m */,
				B57D929A1EB0E6EB0084A78F /* GWDTopicCell.h */,
				B57D929B1EB0E6EB0084A78F /* GWDTopicCell.m */,
				B57D929C1EB0E6EB0084A78F /* GWDTopicCell.xib */,
			);
			path = View;
			sourceTree = "<group>";
		};
		B56537381E9B14BD00594EFC /* FriendTrend(关注) */ = {
			isa = PBXGroup;
			children = (
				B56537391E9B14BD00594EFC /* Controller */,
				B565373A1E9B14BD00594EFC /* Model */,
				B565373B1E9B14BD00594EFC /* View */,
			);
			path = "FriendTrend(关注)";
			sourceTree = "<group>";
		};
		B56537391E9B14BD00594EFC /* Controller */ = {
			isa = PBXGroup;
			children = (
				B565375A1E9B1D8200594EFC /* GWDFriendTrendViewController.h */,
				B565375B1E9B1D8200594EFC /* GWDFriendTrendViewController.m */,
				B508B6DD1EA1C58D005B9767 /* GWDFriendTrendViewController.xib */,
				B508B6DF1EA1D99D005B9767 /* GWDLoginRegisterViewController.h */,
				B508B6E01EA1D99D005B9767 /* GWDLoginRegisterViewController.m */,
				B508B6E11EA1D99D005B9767 /* GWDLoginRegisterViewController.xib */,
			);
			path = Controller;
			sourceTree = "<group>";
		};
		B565373A1E9B14BD00594EFC /* Model */ = {
			isa = PBXGroup;
			children = (
			);
			path = Model;
			sourceTree = "<group>";
		};
		B565373B1E9B14BD00594EFC /* View */ = {
			isa = PBXGroup;
			children = (
				B508B6E41EA20511005B9767 /* GWDLoginRegisterView.h */,
				B508B6E51EA20511005B9767 /* GWDLoginRegisterView.m */,
				B508B6E71EA20520005B9767 /* GWDLoginRegisterView.xib */,
				B508B6E91EA222D5005B9767 /* GWDFastLoginView.h */,
				B508B6EA1EA222D5005B9767 /* GWDFastLoginView.m */,
				B508B6EC1EA222F0005B9767 /* GWDFastLoginView.xib */,
				B508B6EE1EA22804005B9767 /* GWDFastButton.h */,
				B508B6EF1EA22804005B9767 /* GWDFastButton.m */,
				B508B6F11EA27DCD005B9767 /* GWDLoginTextField.h */,
				B508B6F21EA27DCD005B9767 /* GWDLoginTextField.m */,
			);
			path = View;
			sourceTree = "<group>";
		};
		B565373C1E9B14BD00594EFC /* Main(主要) */ = {
			isa = PBXGroup;
			children = (
				B565373D1E9B14BD00594EFC /* Controller */,
				B565373E1E9B14BD00594EFC /* Model */,
				B565373F1E9B14BD00594EFC /* View */,
			);
			path = "Main(主要)";
			sourceTree = "<group>";
		};
		B565373D1E9B14BD00594EFC /* Controller */ = {
			isa = PBXGroup;
			children = (
				B56537541E9B17BC00594EFC /* GWDTabBarController.h */,
				B56537551E9B17BC00594EFC /* GWDTabBarController.m */,
				B56537691E9B2A2B00594EFC /* GWDNavgationController.h */,
				B565376A1E9B2A2B00594EFC /* GWDNavgationController.m */,
			);
			path = Controller;
			sourceTree = "<group>";
		};
		B565373E1E9B14BD00594EFC /* Model */ = {
			isa = PBXGroup;
			children = (
			);
			path = Model;
			sourceTree = "<group>";
		};
		B565373F1E9B14BD00594EFC /* View */ = {
			isa = PBXGroup;
			children = (
				B5E669131E9E20DC00F196C2 /* GWDTabBar.h */,
				B5E669141E9E20DC00F196C2 /* GWDTabBar.m */,
			);
			path = View;
			sourceTree = "<group>";
		};
		B56537401E9B14BD00594EFC /* Me(我) */ = {
			isa = PBXGroup;
			children = (
				B56537411E9B14BD00594EFC /* Controller */,
				B56537421E9B14BD00594EFC /* Model */,
				B56537431E9B14BD00594EFC /* View */,
			);
			path = "Me(我)";
			sourceTree = "<group>";
		};
		B56537411E9B14BD00594EFC /* Controller */ = {
			isa = PBXGroup;
			children = (
				B565375D1E9B1DB600594EFC /* GWDMeViewController.h */,
				B565375E1E9B1DB600594EFC /* GWDMeViewController.m */,
				B57C168B1EA3157F00B8BE0C /* GWDMeViewController.storyboard */,
				B57C16951EA37ADC00B8BE0C /* GWDWebViewController.h */,
				B57C16961EA37ADC00B8BE0C /* GWDWebViewController.m */,
				B57C16971EA37ADC00B8BE0C /* GWDWebViewController.xib */,
			);
			path = Controller;
			sourceTree = "<group>";
		};
		B56537421E9B14BD00594EFC /* Model */ = {
			isa = PBXGroup;
			children = (
				B57C16921EA34EED00B8BE0C /* GWDSquareItem.h */,
				B57C16931EA34EED00B8BE0C /* GWDSquareItem.m */,
			);
			path = Model;
			sourceTree = "<group>";
		};
		B56537431E9B14BD00594EFC /* View */ = {
			isa = PBXGroup;
			children = (
				B57C168D1EA31CC500B8BE0C /* GWDSquareCollectionViewCell.h */,
				B57C168E1EA31CC500B8BE0C /* GWDSquareCollectionViewCell.m */,
				B57C168F1EA31CC500B8BE0C /* GWDSquareCollectionViewCell.xib */,
			);
			path = View;
			sourceTree = "<group>";
		};
		B56537441E9B14BD00594EFC /* New(新帖) */ = {
			isa = PBXGroup;
			children = (
				B56537451E9B14BD00594EFC /* Controller */,
				B56537461E9B14BD00594EFC /* Model */,
				B56537471E9B14BD00594EFC /* View */,
			);
			path = "New(新帖)";
			sourceTree = "<group>";
		};
		B56537451E9B14BD00594EFC /* Controller */ = {
			isa = PBXGroup;
			children = (
				B56537661E9B1E8500594EFC /* GWDNewViewController.h */,
				B56537671E9B1E8500594EFC /* GWDNewViewController.m */,
				B5644EC81EA0B1A4009E9F89 /* GWDSubTagTableVC.h */,
				B5644EC91EA0B1A4009E9F89 /* GWDSubTagTableVC.m */,
			);
			path = Controller;
			sourceTree = "<group>";
		};
		B56537461E9B14BD00594EFC /* Model */ = {
			isa = PBXGroup;
			children = (
				B5644ECB1EA0BD59009E9F89 /* GWDSubTagItem.h */,
				B5644ECC1EA0BD59009E9F89 /* GWDSubTagItem.m */,
			);
			path = Model;
			sourceTree = "<group>";
		};
		B56537471E9B14BD00594EFC /* View */ = {
			isa = PBXGroup;
			children = (
				B5644ED51EA0D2E9009E9F89 /* GWDSubTagTableViewCell.h */,
				B5644ED61EA0D2E9009E9F89 /* GWDSubTagTableViewCell.m */,
				B5644ED71EA0D2E9009E9F89 /* GWDSubTagTableViewCell.xib */,
			);
			path = View;
			sourceTree = "<group>";
		};
		B56537481E9B14BD00594EFC /* Other */ = {
			isa = PBXGroup;
			children = (
				B56537491E9B14BD00594EFC /* AppDelegate.h */,
				B565374A1E9B14BD00594EFC /* AppDelegate.m */,
				B5A9D9231E9B5E2200C0F414 /* main.m */,
				B5E6691A1E9E408400F196C2 /* BuDeJie.pch */,
				B5123DA11EA67809009A0A34 /* GWDConst.h */,
				B5123DA21EA67809009A0A34 /* GWDConst.m */,
				B59444B41EAD99B4007FD78E /* Launch Screen.storyboard */,
				B565374B1E9B14BD00594EFC /* Category */,
			);
			path = Other;
			sourceTree = "<group>";
		};
		B565374B1E9B14BD00594EFC /* Category */ = {
			isa = PBXGroup;
			children = (
				B5644EDA1EA12711009E9F89 /* UIImage+Antialias.h */,
				B5644EDB1EA12711009E9F89 /* UIImage+Antialias.m */,
				B5E6691B1E9E7D3300F196C2 /* UIBarButtonItem+Item.h */,
				B5E6691C1E9E7D3400F196C2 /* UIBarButtonItem+Item.m */,
				B56537511E9B15B600594EFC /* UIImage+OriginalImage.h */,
				B56537521E9B15B600594EFC /* UIImage+OriginalImage.m */,
				B5E669161E9E2FFB00F196C2 /* UIView+Frame.h */,
				B5E669171E9E2FFB00F196C2 /* UIView+Frame.m */,
				B508B6F41EA28853005B9767 /* UITextField+Placeholder.h */,
				B508B6F51EA28853005B9767 /* UITextField+Placeholder.m */,
				B56A190F1EB0FC1C006AAF35 /* UIImage+Image.h */,
				B56A19101EB0FC1C006AAF35 /* UIImage+Image.m */,
			);
			path = Category;
			sourceTree = "<group>";
		};
		B565374C1E9B14BD00594EFC /* Publish(发布) */ = {
			isa = PBXGroup;
			children = (
				B565374D1E9B14BD00594EFC /* Controller */,
				B565374E1E9B14BD00594EFC /* Model */,
				B565374F1E9B14BD00594EFC /* View */,
			);
			path = "Publish(发布)";
			sourceTree = "<group>";
		};
		B565374D1E9B14BD00594EFC /* Controller */ = {
			isa = PBXGroup;
			children = (
				B56537631E9B1E0200594EFC /* GWDPublishViewController.h */,
				B56537641E9B1E0200594EFC /* GWDPublishViewController.m */,
			);
			path = Controller;
			sourceTree = "<group>";
		};
		B565374E1E9B14BD00594EFC /* Model */ = {
			isa = PBXGroup;
			children = (
			);
			path = Model;
			sourceTree = "<group>";
		};
		B565374F1E9B14BD00594EFC /* View */ = {
			isa = PBXGroup;
			children = (
			);
			path = View;
			sourceTree = "<group>";
		};
		B5761A261E9AF0E1009E7AED = {
			isa = PBXGroup;
			children = (
				B5761A311E9AF0E1009E7AED /* BuDeJie */,
				B5761A4B1E9AF0E1009E7AED /* BuDeJieUITests */,
				B5761A301E9AF0E1009E7AED /* Products */,
				6E55F52E63BD5788EC158FCA /* Pods */,
				1ED7194E64D6E0B5611178F3 /* Frameworks */,
			);
			sourceTree = "<group>";
		};
		B5761A301E9AF0E1009E7AED /* Products */ = {
			isa = PBXGroup;
			children = (
				B5761A2F1E9AF0E1009E7AED /* BuDeJie.app */,
				B5761A481E9AF0E1009E7AED /* BuDeJieUITests.xctest */,
			);
			name = Products;
			sourceTree = "<group>";
		};
		B5761A311E9AF0E1009E7AED /* BuDeJie */ = {
			isa = PBXGroup;
			children = (
				B56537331E9B14BD00594EFC /* Classes */,
				B5761A3E1E9AF0E1009E7AED /* Assets.xcassets */,
				B59FF0491E9FDDBC0089BAA8 /* 启动图片 */,
				B5761A431E9AF0E1009E7AED /* Info.plist */,
				B5761A321E9AF0E1009E7AED /* Supporting Files */,
			);
			path = BuDeJie;
			sourceTree = "<group>";
		};
		B5761A321E9AF0E1009E7AED /* Supporting Files */ = {
			isa = PBXGroup;
			children = (
			);
			name = "Supporting Files";
			sourceTree = "<group>";
		};
		B5761A4B1E9AF0E1009E7AED /* BuDeJieUITests */ = {
			isa = PBXGroup;
			children = (
				B5761A4C1E9AF0E1009E7AED /* BuDeJieUITests.m */,
				B5761A4E1E9AF0E1009E7AED /* Info.plist */,
			);
			path = BuDeJieUITests;
			sourceTree = "<group>";
		};
		B59FF0401E9F82520089BAA8 /* AD(广告) */ = {
			isa = PBXGroup;
			children = (
				B59FF0411E9F82520089BAA8 /* Controller */,
				B59FF0421E9F82520089BAA8 /* Model */,
				B59FF0431E9F82520089BAA8 /* View */,
			);
			path = "AD(广告)";
			sourceTree = "<group>";
		};
		B59FF0411E9F82520089BAA8 /* Controller */ = {
			isa = PBXGroup;
			children = (
				B59FF0441E9F82700089BAA8 /* GWDDdViewController.h */,
				B59FF0451E9F82700089BAA8 /* GWDDdViewController.m */,
				B59FF0461E9F82700089BAA8 /* GWDDdViewController.xib */,
			);
			path = Controller;
			sourceTree = "<group>";
		};
		B59FF0421E9F82520089BAA8 /* Model */ = {
			isa = PBXGroup;
			children = (
				B5644EC51EA069C7009E9F89 /* GWDAdItem.h */,
				B5644EC61EA069C7009E9F89 /* GWDAdItem.m */,
			);
			path = Model;
			sourceTree = "<group>";
		};
		B59FF0431E9F82520089BAA8 /* View */ = {
			isa = PBXGroup;
			children = (
			);
			path = View;
			sourceTree = "<group>";
		};
		B59FF0491E9FDDBC0089BAA8 /* 启动图片 */ = {
			isa = PBXGroup;
			children = (
				B59FF04A1E9FDDBC0089BAA8 /* LaunchImage-568h@2x.png */,
				B59FF04B1E9FDDBC0089BAA8 /* LaunchImage-700-568h@2x.png */,
				B59FF04C1E9FDDBC0089BAA8 /* LaunchImage-700@2x.png */,
				B59FF04D1E9FDDBC0089BAA8 /* LaunchImage-800-667h@2x.png */,
				B59FF04E1E9FDDBC0089BAA8 /* LaunchImage-800-Portrait-736h@3x.png */,
				B59FF04F1E9FDDBC0089BAA8 /* LaunchImage.png */,
				B59FF0501E9FDDBC0089BAA8 /* LaunchImage@2x.png */,
			);
			path = "启动图片";
			sourceTree = "<group>";
		};
		B5E6691E1E9E9DA800F196C2 /* Setting(设置) */ = {
			isa = PBXGroup;
			children = (
				B5E6691F1E9E9DA800F196C2 /* Controller */,
				B5E669201E9E9DA800F196C2 /* Model */,
				B5E669211E9E9DA800F196C2 /* View */,
			);
			path = "Setting(设置)";
			sourceTree = "<group>";
		};
		B5E6691F1E9E9DA800F196C2 /* Controller */ = {
			isa = PBXGroup;
			children = (
				B5E669221E9E9DD600F196C2 /* GWDSettingViewController.h */,
				B5E669231E9E9DD600F196C2 /* GWDSettingViewController.m */,
			);
			path = Controller;
			sourceTree = "<group>";
		};
		B5E669201E9E9DA800F196C2 /* Model */ = {
			isa = PBXGroup;
			children = (
			);
			path = Model;
			sourceTree = "<group>";
		};
		B5E669211E9E9DA800F196C2 /* View */ = {
			isa = PBXGroup;
			children = (
			);
			path = View;
			sourceTree = "<group>";
		};
/* End PBXGroup section */

/* Begin PBXNativeTarget section */
		B5761A2E1E9AF0E1009E7AED /* BuDeJie */ = {
			isa = PBXNativeTarget;
			buildConfigurationList = B5761A511E9AF0E1009E7AED /* Build configuration list for PBXNativeTarget "BuDeJie" */;
			buildPhases = (
				9D930649C2B8D3D7EB0B6642 /* [CP] Check Pods Manifest.lock */,
				B5761A2B1E9AF0E1009E7AED /* Sources */,
				B5761A2C1E9AF0E1009E7AED /* Frameworks */,
				B5761A2D1E9AF0E1009E7AED /* Resources */,
				15AF3466CD94BB0665E7DF11 /* [CP] Embed Pods Frameworks */,
				F7A86670A168391622BB2FE9 /* [CP] Copy Pods Resources */,
			);
			buildRules = (
			);
			dependencies = (
			);
			name = BuDeJie;
			productName = BuDeJie;
			productReference = B5761A2F1E9AF0E1009E7AED /* BuDeJie.app */;
			productType = "com.apple.product-type.application";
		};
		B5761A471E9AF0E1009E7AED /* BuDeJieUITests */ = {
			isa = PBXNativeTarget;
			buildConfigurationList = B5761A541E9AF0E1009E7AED /* Build configuration list for PBXNativeTarget "BuDeJieUITests" */;
			buildPhases = (
				B5761A441E9AF0E1009E7AED /* Sources */,
				B5761A451E9AF0E1009E7AED /* Frameworks */,
				B5761A461E9AF0E1009E7AED /* Resources */,
			);
			buildRules = (
			);
			dependencies = (
				B5761A4A1E9AF0E1009E7AED /* PBXTargetDependency */,
			);
			name = BuDeJieUITests;
			productName = BuDeJieUITests;
			productReference = B5761A481E9AF0E1009E7AED /* BuDeJieUITests.xctest */;
			productType = "com.apple.product-type.bundle.ui-testing";
		};
/* End PBXNativeTarget section */

/* Begin PBXProject section */
		B5761A271E9AF0E1009E7AED /* Project object */ = {
			isa = PBXProject;
			attributes = {
				CLASSPREFIX = GWD;
				LastUpgradeCheck = 0820;
				ORGANIZATIONNAME = victorgu;
				TargetAttributes = {
					B5761A2E1E9AF0E1009E7AED = {
						CreatedOnToolsVersion = 8.2.1;
						DevelopmentTeam = 27734QYE2Z;
						ProvisioningStyle = Automatic;
					};
					B5761A471E9AF0E1009E7AED = {
						CreatedOnToolsVersion = 8.2.1;
						DevelopmentTeam = 27734QYE2Z;
						ProvisioningStyle = Automatic;
						TestTargetID = B5761A2E1E9AF0E1009E7AED;
					};
				};
			};
			buildConfigurationList = B5761A2A1E9AF0E1009E7AED /* Build configuration list for PBXProject "BuDeJie" */;
			compatibilityVersion = "Xcode 3.2";
			developmentRegion = English;
			hasScannedForEncodings = 0;
			knownRegions = (
				en,
				Base,
			);
			mainGroup = B5761A261E9AF0E1009E7AED;
			productRefGroup = B5761A301E9AF0E1009E7AED /* Products */;
			projectDirPath = "";
			projectRoot = "";
			targets = (
				B5761A2E1E9AF0E1009E7AED /* BuDeJie */,
				B5761A471E9AF0E1009E7AED /* BuDeJieUITests */,
			);
		};
/* End PBXProject section */

/* Begin PBXResourcesBuildPhase section */
		B5761A2D1E9AF0E1009E7AED /* Resources */ = {
			isa = PBXResourcesBuildPhase;
			buildActionMask = 2147483647;
			files = (
				B57C168C1EA3157F00B8BE0C /* GWDMeViewController.storyboard in Resources */,
				B5644ED91EA0D2E9009E9F89 /* GWDSubTagTableViewCell.xib in Resources */,
				B59FF0561E9FDDBC0089BAA8 /* LaunchImage.png in Resources */,
				B59FF0571E9FDDBC0089BAA8 /* LaunchImage@2x.png in Resources */,
				B5761A3F1E9AF0E1009E7AED /* Assets.xcassets in Resources */,
				B59FF0541E9FDDBC0089BAA8 /* LaunchImage-800-667h@2x.png in Resources */,
				B508B6E81EA20520005B9767 /* GWDLoginRegisterView.xib in Resources */,
				B59FF0511E9FDDBC0089BAA8 /* LaunchImage-568h@2x.png in Resources */,
				B508B6ED1EA222F0005B9767 /* GWDFastLoginView.xib in Resources */,
				B59FF0531E9FDDBC0089BAA8 /* LaunchImage-700@2x.png in Resources */,
				B57D929E1EB0E6EB0084A78F /* GWDTopicCell.xib in Resources */,
				B57C16911EA31CC500B8BE0C /* GWDSquareCollectionViewCell.xib in Resources */,
				B508B6DE1EA1C58D005B9767 /* GWDFriendTrendViewController.xib in Resources */,
				B59444B51EAD99B4007FD78E /* Launch Screen.storyboard in Resources */,
				B57C16991EA37ADC00B8BE0C /* GWDWebViewController.xib in Resources */,
				B59FF0521E9FDDBC0089BAA8 /* LaunchImage-700-568h@2x.png in Resources */,
				B59FF0481E9F82700089BAA8 /* GWDDdViewController.xib in Resources */,
				B508B6E31EA1D99D005B9767 /* GWDLoginRegisterViewController.xib in Resources */,
				B59FF0551E9FDDBC0089BAA8 /* LaunchImage-800-Portrait-736h@3x.png in Resources */,
			);
			runOnlyForDeploymentPostprocessing = 0;
		};
		B5761A461E9AF0E1009E7AED /* Resources */ = {
			isa = PBXResourcesBuildPhase;
			buildActionMask = 2147483647;
			files = (
			);
			runOnlyForDeploymentPostprocessing = 0;
		};
/* End PBXResourcesBuildPhase section */

/* Begin PBXShellScriptBuildPhase section */
		15AF3466CD94BB0665E7DF11 /* [CP] Embed Pods Frameworks */ = {
			isa = PBXShellScriptBuildPhase;
			buildActionMask = 2147483647;
			files = (
			);
			inputPaths = (
			);
			name = "[CP] Embed Pods Frameworks";
			outputPaths = (
			);
			runOnlyForDeploymentPostprocessing = 0;
			shellPath = /bin/sh;
			shellScript = "\"${SRCROOT}/Pods/Target Support Files/Pods-BuDeJie/Pods-BuDeJie-frameworks.sh\"\n";
			showEnvVarsInLog = 0;
		};
		9D930649C2B8D3D7EB0B6642 /* [CP] Check Pods Manifest.lock */ = {
			isa = PBXShellScriptBuildPhase;
			buildActionMask = 2147483647;
			files = (
			);
			inputPaths = (
			);
			name = "[CP] Check Pods Manifest.lock";
			outputPaths = (
			);
			runOnlyForDeploymentPostprocessing = 0;
			shellPath = /bin/sh;
			shellScript = "diff \"${PODS_ROOT}/../Podfile.lock\" \"${PODS_ROOT}/Manifest.lock\" > /dev/null\nif [ $? != 0 ] ; then\n    # print error to STDERR\n    echo \"error: The sandbox is not in sync with the Podfile.lock. Run 'pod install' or update your CocoaPods installation.\" >&2\n    exit 1\nfi\n";
			showEnvVarsInLog = 0;
		};
		F7A86670A168391622BB2FE9 /* [CP] Copy Pods Resources */ = {
			isa = PBXShellScriptBuildPhase;
			buildActionMask = 2147483647;
			files = (
			);
			inputPaths = (
			);
			name = "[CP] Copy Pods Resources";
			outputPaths = (
			);
			runOnlyForDeploymentPostprocessing = 0;
			shellPath = /bin/sh;
			shellScript = "\"${SRCROOT}/Pods/Target Support Files/Pods-BuDeJie/Pods-BuDeJie-resources.sh\"\n";
			showEnvVarsInLog = 0;
		};
/* End PBXShellScriptBuildPhase section */

/* Begin PBXSourcesBuildPhase section */
		B5761A2B1E9AF0E1009E7AED /* Sources */ = {
			isa = PBXSourcesBuildPhase;
			buildActionMask = 2147483647;
			files = (
				B57C16941EA34EED00B8BE0C /* GWDSquareItem.m in Sources */,
				B5644EDC1EA12711009E9F89 /* UIImage+Antialias.m in Sources */,
				B57C16981EA37ADC00B8BE0C /* GWDWebViewController.m in Sources */,
				B5E669181E9E2FFB00F196C2 /* UIView+Frame.m in Sources */,
				B5644ED81EA0D2E9009E9F89 /* GWDSubTagTableViewCell.m in Sources */,
				B5A9D9241E9B5E2200C0F414 /* main.m in Sources */,
				B5123D971EA60F31009A0A34 /* GWDVideoTableViewController.m in Sources */,
				B565375F1E9B1DB600594EFC /* GWDMeViewController.m in Sources */,
				B508B6F61EA28853005B9767 /* UITextField+Placeholder.m in Sources */,
				B508B6F31EA27DCD005B9767 /* GWDLoginTextField.m in Sources */,
				B57D929D1EB0E6EB0084A78F /* GWDTopicCell.m in Sources */,
				B5644ECD1EA0BD59009E9F89 /* GWDSubTagItem.m in Sources */,
				B5123D9D1EA60F4F009A0A34 /* GWDPictureTableViewController.m in Sources */,
				B56537651E9B1E0200594EFC /* GWDPublishViewController.m in Sources */,
				B5123D901EA5B169009A0A34 /* GWDTitleButton.m in Sources */,
				B56537501E9B14BD00594EFC /* AppDelegate.m in Sources */,
				B56537531E9B15B600594EFC /* UIImage+OriginalImage.m in Sources */,
				B59444B31EAD81C5007FD78E /* GWDTopic.m in Sources */,
				B5644ECA1EA0B1A4009E9F89 /* GWDSubTagTableVC.m in Sources */,
				B508B6E61EA20511005B9767 /* GWDLoginRegisterView.m in Sources */,
				B56537561E9B17BC00594EFC /* GWDTabBarController.m in Sources */,
				B5E6691D1E9E7D3400F196C2 /* UIBarButtonItem+Item.m in Sources */,
				B5123DA31EA67809009A0A34 /* GWDConst.m in Sources */,
				B565375C1E9B1D8200594EFC /* GWDFriendTrendViewController.m in Sources */,
				B56A19111EB0FC1C006AAF35 /* UIImage+Image.m in Sources */,
				B565376B1E9B2A2B00594EFC /* GWDNavgationController.m in Sources */,
				B5E669241E9E9DD600F196C2 /* GWDSettingViewController.m in Sources */,
				B5123D9A1EA60F3E009A0A34 /* GWDVoiceTableViewController.m in Sources */,
				B51D6B051EA47A850059B9C7 /* GWDFileTool.m in Sources */,
				B508B6E21EA1D99D005B9767 /* GWDLoginRegisterViewController.m in Sources */,
				B56537681E9B1E8500594EFC /* GWDNewViewController.m in Sources */,
				B57C16901EA31CC500B8BE0C /* GWDSquareCollectionViewCell.m in Sources */,
				B5F6641B1EA52B9800C5A7EF /* ViewController.m in Sources */,
				B5644EC71EA069C7009E9F89 /* GWDAdItem.m in Sources */,
				B508B6EB1EA222D5005B9767 /* GWDFastLoginView.m in Sources */,
				B56537591E9B1D5800594EFC /* GWDEssenceViewController.m in Sources */,
				B5123D941EA60F22009A0A34 /* GWDAllTableViewController.m in Sources */,
				B59FF0471E9F82700089BAA8 /* GWDDdViewController.m in Sources */,
				B508B6F01EA22804005B9767 /* GWDFastButton.m in Sources */,
				B5123DA01EA60F69009A0A34 /* GWDWordTableViewController.m in Sources */,
				B5E669151E9E20DC00F196C2 /* GWDTabBar.m in Sources */,
			);
			runOnlyForDeploymentPostprocessing = 0;
		};
		B5761A441E9AF0E1009E7AED /* Sources */ = {
			isa = PBXSourcesBuildPhase;
			buildActionMask = 2147483647;
			files = (
				B5761A4D1E9AF0E1009E7AED /* BuDeJieUITests.m in Sources */,
			);
			runOnlyForDeploymentPostprocessing = 0;
		};
/* End PBXSourcesBuildPhase section */

/* Begin PBXTargetDependency section */
		B5761A4A1E9AF0E1009E7AED /* PBXTargetDependency */ = {
			isa = PBXTargetDependency;
			target = B5761A2E1E9AF0E1009E7AED /* BuDeJie */;
			targetProxy = B5761A491E9AF0E1009E7AED /* PBXContainerItemProxy */;
		};
/* End PBXTargetDependency section */

/* Begin XCBuildConfiguration section */
		B5761A4F1E9AF0E1009E7AED /* Debug */ = {
			isa = XCBuildConfiguration;
			buildSettings = {
				ALWAYS_SEARCH_USER_PATHS = NO;
				CLANG_ANALYZER_NONNULL = YES;
				CLANG_CXX_LANGUAGE_STANDARD = "gnu++0x";
				CLANG_CXX_LIBRARY = "libc++";
				CLANG_ENABLE_MODULES = YES;
				CLANG_ENABLE_OBJC_ARC = YES;
				CLANG_WARN_BOOL_CONVERSION = YES;
				CLANG_WARN_CONSTANT_CONVERSION = YES;
				CLANG_WARN_DIRECT_OBJC_ISA_USAGE = YES_ERROR;
				CLANG_WARN_DOCUMENTATION_COMMENTS = YES;
				CLANG_WARN_EMPTY_BODY = YES;
				CLANG_WARN_ENUM_CONVERSION = YES;
				CLANG_WARN_INFINITE_RECURSION = YES;
				CLANG_WARN_INT_CONVERSION = YES;
				CLANG_WARN_OBJC_ROOT_CLASS = YES_ERROR;
				CLANG_WARN_SUSPICIOUS_MOVE = YES;
				CLANG_WARN_UNREACHABLE_CODE = YES;
				CLANG_WARN__DUPLICATE_METHOD_MATCH = YES;
				"CODE_SIGN_IDENTITY[sdk=iphoneos*]" = "iPhone Developer";
				COPY_PHASE_STRIP = NO;
				DEBUG_INFORMATION_FORMAT = dwarf;
				ENABLE_STRICT_OBJC_MSGSEND = YES;
				ENABLE_TESTABILITY = YES;
				GCC_C_LANGUAGE_STANDARD = gnu99;
				GCC_DYNAMIC_NO_PIC = NO;
				GCC_NO_COMMON_BLOCKS = YES;
				GCC_OPTIMIZATION_LEVEL = 0;
				GCC_PREPROCESSOR_DEFINITIONS = (
					"DEBUG=1",
					"$(inherited)",
				);
				GCC_WARN_64_TO_32_BIT_CONVERSION = YES;
				GCC_WARN_ABOUT_RETURN_TYPE = YES_ERROR;
				GCC_WARN_UNDECLARED_SELECTOR = YES;
				GCC_WARN_UNINITIALIZED_AUTOS = YES_AGGRESSIVE;
				GCC_WARN_UNUSED_FUNCTION = YES;
				GCC_WARN_UNUSED_VARIABLE = YES;
				IPHONEOS_DEPLOYMENT_TARGET = 10.2;
				MTL_ENABLE_DEBUG_INFO = YES;
				ONLY_ACTIVE_ARCH = YES;
				SDKROOT = iphoneos;
				TARGETED_DEVICE_FAMILY = "1,2";
			};
			name = Debug;
		};
		B5761A501E9AF0E1009E7AED /* Release */ = {
			isa = XCBuildConfiguration;
			buildSettings = {
				ALWAYS_SEARCH_USER_PATHS = NO;
				CLANG_ANALYZER_NONNULL = YES;
				CLANG_CXX_LANGUAGE_STANDARD = "gnu++0x";
				CLANG_CXX_LIBRARY = "libc++";
				CLANG_ENABLE_MODULES = YES;
				CLANG_ENABLE_OBJC_ARC = YES;
				CLANG_WARN_BOOL_CONVERSION = YES;
				CLANG_WARN_CONSTANT_CONVERSION = YES;
				CLANG_WARN_DIRECT_OBJC_ISA_USAGE = YES_ERROR;
				CLANG_WARN_DOCUMENTATION_COMMENTS = YES;
				CLANG_WARN_EMPTY_BODY = YES;
				CLANG_WARN_ENUM_CONVERSION = YES;
				CLANG_WARN_INFINITE_RECURSION = YES;
				CLANG_WARN_INT_CONVERSION = YES;
				CLANG_WARN_OBJC_ROOT_CLASS = YES_ERROR;
				CLANG_WARN_SUSPICIOUS_MOVE = YES;
				CLANG_WARN_UNREACHABLE_CODE = YES;
				CLANG_WARN__DUPLICATE_METHOD_MATCH = YES;
				"CODE_SIGN_IDENTITY[sdk=iphoneos*]" = "iPhone Developer";
				COPY_PHASE_STRIP = NO;
				DEBUG_INFORMATION_FORMAT = "dwarf-with-dsym";
				ENABLE_NS_ASSERTIONS = NO;
				ENABLE_STRICT_OBJC_MSGSEND = YES;
				GCC_C_LANGUAGE_STANDARD = gnu99;
				GCC_NO_COMMON_BLOCKS = YES;
				GCC_WARN_64_TO_32_BIT_CONVERSION = YES;
				GCC_WARN_ABOUT_RETURN_TYPE = YES_ERROR;
				GCC_WARN_UNDECLARED_SELECTOR = YES;
				GCC_WARN_UNINITIALIZED_AUTOS = YES_AGGRESSIVE;
				GCC_WARN_UNUSED_FUNCTION = YES;
				GCC_WARN_UNUSED_VARIABLE = YES;
				IPHONEOS_DEPLOYMENT_TARGET = 10.2;
				MTL_ENABLE_DEBUG_INFO = NO;
				SDKROOT = iphoneos;
				TARGETED_DEVICE_FAMILY = "1,2";
				VALIDATE_PRODUCT = YES;
			};
			name = Release;
		};
		B5761A521E9AF0E1009E7AED /* Debug */ = {
			isa = XCBuildConfiguration;
			baseConfigurationReference = F73410B409767A4040338871 /* Pods-BuDeJie.debug.xcconfig */;
			buildSettings = {
				ASSETCATALOG_COMPILER_APPICON_NAME = AppIcon;
				ASSETCATALOG_COMPILER_LAUNCHIMAGE_NAME = LaunchImage;
				DEVELOPMENT_TEAM = 27734QYE2Z;
				GCC_PRECOMPILE_PREFIX_HEADER = YES;
				GCC_PREFIX_HEADER = BuDeJie/BuDeJie.pch;
				INFOPLIST_FILE = BuDeJie/Info.plist;
				IPHONEOS_DEPLOYMENT_TARGET = 10.2;
				LD_RUNPATH_SEARCH_PATHS = "$(inherited) @executable_path/Frameworks";
				PRODUCT_BUNDLE_IDENTIFIER = com.victorgu.BuDeJie;
				PRODUCT_NAME = "$(TARGET_NAME)";
			};
			name = Debug;
		};
		B5761A531E9AF0E1009E7AED /* Release */ = {
			isa = XCBuildConfiguration;
			baseConfigurationReference = 125B78F8F41FD7135C3A08E2 /* Pods-BuDeJie.release.xcconfig */;
			buildSettings = {
				ASSETCATALOG_COMPILER_APPICON_NAME = AppIcon;
				ASSETCATALOG_COMPILER_LAUNCHIMAGE_NAME = LaunchImage;
				DEVELOPMENT_TEAM = 27734QYE2Z;
				GCC_PRECOMPILE_PREFIX_HEADER = YES;
				GCC_PREFIX_HEADER = BuDeJie/BuDeJie.pch;
				INFOPLIST_FILE = BuDeJie/Info.plist;
				IPHONEOS_DEPLOYMENT_TARGET = 10.2;
				LD_RUNPATH_SEARCH_PATHS = "$(inherited) @executable_path/Frameworks";
				PRODUCT_BUNDLE_IDENTIFIER = com.victorgu.BuDeJie;
				PRODUCT_NAME = "$(TARGET_NAME)";
			};
			name = Release;
		};
		B5761A551E9AF0E1009E7AED /* Debug */ = {
			isa = XCBuildConfiguration;
			buildSettings = {
				DEVELOPMENT_TEAM = 27734QYE2Z;
				INFOPLIST_FILE = BuDeJieUITests/Info.plist;
				LD_RUNPATH_SEARCH_PATHS = "$(inherited) @executable_path/Frameworks @loader_path/Frameworks";
				PRODUCT_BUNDLE_IDENTIFIER = com.victorgu.BuDeJieUITests;
				PRODUCT_NAME = "$(TARGET_NAME)";
				TEST_TARGET_NAME = BuDeJie;
			};
			name = Debug;
		};
		B5761A561E9AF0E1009E7AED /* Release */ = {
			isa = XCBuildConfiguration;
			buildSettings = {
				DEVELOPMENT_TEAM = 27734QYE2Z;
				INFOPLIST_FILE = BuDeJieUITests/Info.plist;
				LD_RUNPATH_SEARCH_PATHS = "$(inherited) @executable_path/Frameworks @loader_path/Frameworks";
				PRODUCT_BUNDLE_IDENTIFIER = com.victorgu.BuDeJieUITests;
				PRODUCT_NAME = "$(TARGET_NAME)";
				TEST_TARGET_NAME = BuDeJie;
			};
			name = Release;
		};
/* End XCBuildConfiguration section */

/* Begin XCConfigurationList section */
		B5761A2A1E9AF0E1009E7AED /* Build configuration list for PBXProject "BuDeJie" */ = {
			isa = XCConfigurationList;
			buildConfigurations = (
				B5761A4F1E9AF0E1009E7AED /* Debug */,
				B5761A501E9AF0E1009E7AED /* Release */,
			);
			defaultConfigurationIsVisible = 0;
			defaultConfigurationName = Release;
		};
		B5761A511E9AF0E1009E7AED /* Build configuration list for PBXNativeTarget "BuDeJie" */ = {
			isa = XCConfigurationList;
			buildConfigurations = (
				B5761A521E9AF0E1009E7AED /* Debug */,
				B5761A531E9AF0E1009E7AED /* Release */,
			);
			defaultConfigurationIsVisible = 0;
			defaultConfigurationName = Release;
		};
		B5761A541E9AF0E1009E7AED /* Build configuration list for PBXNativeTarget "BuDeJieUITests" */ = {
			isa = XCConfigurationList;
			buildConfigurations = (
				B5761A551E9AF0E1009E7AED /* Debug */,
				B5761A561E9AF0E1009E7AED /* Release */,
			);
			defaultConfigurationIsVisible = 0;
			defaultConfigurationName = Release;
		};
/* End XCConfigurationList section */
	};
	rootObject = B5761A271E9AF0E1009E7AED /* Project object */;
}
